{
  "lockfileVersion": 1,
  "workspaces": {
    "": {
      "dependencies": {
        "@types/redis": "^4.0.11",
        "redis": "^5.8.3",
      },
    },
  },
  "packages": {
    "@redis/bloom": ["@redis/bloom@5.8.3", "", { "peerDependencies": { "@redis/client": "^5.8.3" } }, "sha512-1eldTzHvdW3Oi0TReb8m1yiFt8ZwyF6rv1NpZyG5R4TpCwuAdKQetBKoCw7D96tNFgsVVd6eL+NaGZZCqhRg4g=="],

    "@redis/client": ["@redis/client@5.8.3", "", { "dependencies": { "cluster-key-slot": "1.1.2" } }, "sha512-MZVUE+l7LmMIYlIjubPosruJ9ltSLGFmJqsXApTqPLyHLjsJUSAbAJb/A3N34fEqean4ddiDkdWzNu4ZKPvRUg=="],

    "@redis/json": ["@redis/json@5.8.3", "", { "peerDependencies": { "@redis/client": "^5.8.3" } }, "sha512-DRR09fy/u8gynHGJ4gzXYeM7D8nlS6EMv5o+h20ndTJiAc7RGR01fdk2FNjnn1Nz5PjgGGownF+s72bYG4nZKQ=="],

    "@redis/search": ["@redis/search@5.8.3", "", { "peerDependencies": { "@redis/client": "^5.8.3" } }, "sha512-EMIvEeGRR2I0BJEz4PV88DyCuPmMT1rDtznlsHY3cKSDcc9vj0Q411jUnX0iU2vVowUgWn/cpySKjpXdZ8m+5g=="],

    "@redis/time-series": ["@redis/time-series@5.8.3", "", { "peerDependencies": { "@redis/client": "^5.8.3" } }, "sha512-5Jwy3ilsUYQjzpE7WZ1lEeG1RkqQ5kHtwV1p8yxXHSEmyUbC/T/AVgyjMcm52Olj/Ov/mhDKjx6ndYUi14bXsw=="],

    "@types/redis": ["@types/redis@4.0.11", "", { "dependencies": { "redis": "*" } }, "sha512-bI+gth8La8Wg/QCR1+V1fhrL9+LZUSWfcqpOj2Kc80ZQ4ffbdL173vQd5wovmoV9i071FU9oP2g6etLuEwb6Rg=="],

    "cluster-key-slot": ["cluster-key-slot@1.1.2", "", {}, "sha512-RMr0FhtfXemyinomL4hrWcYJxmX6deFdCxpJzhDttxgO1+bcCnkk+9drydLVDmAMG7NE6aN/fl4F7ucU/90gAA=="],

    "redis": ["redis@5.8.3", "", { "dependencies": { "@redis/bloom": "5.8.3", "@redis/client": "5.8.3", "@redis/json": "5.8.3", "@redis/search": "5.8.3", "@redis/time-series": "5.8.3" } }, "sha512-MfSrfV6+tEfTw8c4W0yFp6XWX8Il4laGU7Bx4kvW4uiYM1AuZ3KGqEGt1LdQHeD1nEyLpIWetZ/SpY3kkbgrYw=="],
  }
}
